PODS:
  - Alamofire (4.2.0)
  - PKHUD (4.0.0)
  - Router (1.0.0)
  - SideMenu (2.0.7)
  - SwiftyJSON (3.1.3)
  - Turbolinks (1.0.2)
  - UMengAnalytics-NO-IDFA (4.1.1)

DEPENDENCIES:
  - Alamofire
  - PKHUD (~> 4.0)
  - Router
  - SideMenu
  - SwiftyJSON
  - Turbolinks (from `https://github.com/turbolinks/turbolinks-ios.git`, branch `swift-3.0`)
  - UMengAnalytics-NO-IDFA

EXTERNAL SOURCES:
  Turbolinks:
    :branch: swift-3.0
    :git: https://github.com/turbolinks/turbolinks-ios.git

CHECKOUT OPTIONS:
  Turbolinks:
    :commit: e24228dd447375a23f817d6c413ad4d3067fc95e
    :git: https://github.com/turbolinks/turbolinks-ios.git

SPEC CHECKSUMS:
  Alamofire: aa2e09d871c9160ac53c90e83c68064a94e3dfbe
  PKHUD: 2bb45c936bb8afa39f3cd33ec14e8cc89f624255
  Router: 6088d6d321e097070d5ea4bd792cb015dfa0fbb4
  SideMenu: c5d3c3bc855b96bc2059e0b1ec346ecb54e80447
  SwiftyJSON: 38a8ea2006779c0fc4c310cb2ee8195327740faf
  Turbolinks: d8209bab43803adae8c06d434368e16479023407
  UMengAnalytics-NO-IDFA: 1064992c1b7aaa22823179c0b33a664813fd7a85

PODFILE CHECKSUM: 4c27f72b61e2b31eeafd4e2748aa92762558b806

COCOAPODS: 1.0.1
